
Microsoft Visual Studio Solution File, Format Version 12.00
# Visual Studio 15
VisualStudioVersion = 15.0.28307.136
MinimumVisualStudioVersion = 10.0.40219.1
Project("{FAE04EC0-301F-11D3-BF4B-00C04F79EFBC}") = "FalseCrypt.App", "src\FalseCrypt.App\FalseCrypt.App.csproj", "{5A4DD89E-2F5E-41FD-8063-4D90CB8837E3}"
EndProject
Global
	GlobalSection(SolutionConfigurationPlatforms) = preSolution
		Debug|Any CPU = Debug|Any CPU
		Release|Any CPU = Release|Any CPU
	EndGlobalSection
	GlobalSection(ProjectConfigurationPlatforms) = postSolution
		{5A4DD89E-2F5E-41FD-8063-4D90CB8837E3}.Debug|Any CPU.ActiveCfg = Debug|Any CPU
		{5A4DD89E-2F5E-41FD-8063-4D90CB8837E3}.Debug|Any CPU.Build.0 = Debug|Any CPU
		{5A4DD89E-2F5E-41FD-8063-4D90CB8837E3}.Release|Any CPU.ActiveCfg = Release|Any CPU
		{5A4DD89E-2F5E-41FD-8063-4D90CB8837E3}.Release|Any CPU.Build.0 = Release|Any CPU
	EndGlobalSection
	GlobalSection(SolutionProperties) = preSolution
		HideSolutionNode = FALSE
	EndGlobalSection
	GlobalSection(ExtensibilityGlobals) = postSolution
		SolutionGuid = {E769C141-3C12-4BD0-91B2-058F30E0F0F4}
	EndGlobalSection
EndGlobal
