
Microsoft Visual Studio Solution File, Format Version 12.00
# Visual Studio 15
VisualStudioVersion = 15.0.28307.136
MinimumVisualStudioVersion = 10.0.40219.1
Project("{FAE04EC0-301F-11D3-BF4B-00C04F79EFBC}") = "FalseCrypt.App", "src\FalseCrypt.App\FalseCrypt.App.csproj", "{5A4DD89E-2F5E-41FD-8063-4D90CB8837E3}"
EndProject
Project("{2150E333-8FDC-42A3-9474-1A3956D46DE8}") = "src", "src", "{44040701-31DA-4915-B879-C9CD3E19556C}"
EndProject
Project("{2150E333-8FDC-42A3-9474-1A3956D46DE8}") = "submodules", "submodules", "{F2171BA2-8814-4DF7-ABAB-BE937F41A1B0}"
EndProject
Project("{FAE04EC0-301F-11D3-BF4B-00C04F79EFBC}") = "ModernApplicationFramework.Input", "submodules\ModernApplicationFramework\src\ModernApplicationFramework.Input\ModernApplicationFramework.Input.csproj", "{57ACF623-794E-41E8-8033-1544D209A4E1}"
EndProject
Project("{9A19103F-16F7-4668-BE54-9A1E7A4F7556}") = "FalseCrypt.Crypto", "src\FalseCrypt.Crypto\FalseCrypt.Crypto.csproj", "{3CF54A39-0D60-410E-AA37-073E00FB2C70}"
EndProject
Project("{2150E333-8FDC-42A3-9474-1A3956D46DE8}") = "tests", "tests", "{8DF8686B-6ABC-48E1-8A59-6E7E3CD83DF0}"
EndProject
Project("{FAE04EC0-301F-11D3-BF4B-00C04F79EFBC}") = "CryptoTest", "tests\CryptoTest\CryptoTest.csproj", "{5DD63BB0-2412-4E84-B0F1-FC93C52E86D1}"
EndProject
Global
	GlobalSection(SolutionConfigurationPlatforms) = preSolution
		Debug|Any CPU = Debug|Any CPU
		Release|Any CPU = Release|Any CPU
	EndGlobalSection
	GlobalSection(ProjectConfigurationPlatforms) = postSolution
		{5A4DD89E-2F5E-41FD-8063-4D90CB8837E3}.Debug|Any CPU.ActiveCfg = Debug|Any CPU
		{5A4DD89E-2F5E-41FD-8063-4D90CB8837E3}.Debug|Any CPU.Build.0 = Debug|Any CPU
		{5A4DD89E-2F5E-41FD-8063-4D90CB8837E3}.Release|Any CPU.ActiveCfg = Release|Any CPU
		{5A4DD89E-2F5E-41FD-8063-4D90CB8837E3}.Release|Any CPU.Build.0 = Release|Any CPU
		{57ACF623-794E-41E8-8033-1544D209A4E1}.Debug|Any CPU.ActiveCfg = Debug|Any CPU
		{57ACF623-794E-41E8-8033-1544D209A4E1}.Debug|Any CPU.Build.0 = Debug|Any CPU
		{57ACF623-794E-41E8-8033-1544D209A4E1}.Release|Any CPU.ActiveCfg = Release|Any CPU
		{57ACF623-794E-41E8-8033-1544D209A4E1}.Release|Any CPU.Build.0 = Release|Any CPU
		{3CF54A39-0D60-410E-AA37-073E00FB2C70}.Debug|Any CPU.ActiveCfg = Debug|Any CPU
		{3CF54A39-0D60-410E-AA37-073E00FB2C70}.Debug|Any CPU.Build.0 = Debug|Any CPU
		{3CF54A39-0D60-410E-AA37-073E00FB2C70}.Release|Any CPU.ActiveCfg = Release|Any CPU
		{3CF54A39-0D60-410E-AA37-073E00FB2C70}.Release|Any CPU.Build.0 = Release|Any CPU
		{5DD63BB0-2412-4E84-B0F1-FC93C52E86D1}.Debug|Any CPU.ActiveCfg = Debug|Any CPU
		{5DD63BB0-2412-4E84-B0F1-FC93C52E86D1}.Debug|Any CPU.Build.0 = Debug|Any CPU
		{5DD63BB0-2412-4E84-B0F1-FC93C52E86D1}.Release|Any CPU.ActiveCfg = Release|Any CPU
		{5DD63BB0-2412-4E84-B0F1-FC93C52E86D1}.Release|Any CPU.Build.0 = Release|Any CPU
	EndGlobalSection
	GlobalSection(SolutionProperties) = preSolution
		HideSolutionNode = FALSE
	EndGlobalSection
	GlobalSection(NestedProjects) = preSolution
		{5A4DD89E-2F5E-41FD-8063-4D90CB8837E3} = {44040701-31DA-4915-B879-C9CD3E19556C}
		{57ACF623-794E-41E8-8033-1544D209A4E1} = {F2171BA2-8814-4DF7-ABAB-BE937F41A1B0}
		{3CF54A39-0D60-410E-AA37-073E00FB2C70} = {44040701-31DA-4915-B879-C9CD3E19556C}
		{5DD63BB0-2412-4E84-B0F1-FC93C52E86D1} = {8DF8686B-6ABC-48E1-8A59-6E7E3CD83DF0}
	EndGlobalSection
	GlobalSection(ExtensibilityGlobals) = postSolution
		SolutionGuid = {E769C141-3C12-4BD0-91B2-058F30E0F0F4}
	EndGlobalSection
EndGlobal
