
Microsoft Visual Studio Solution File, Format Version 12.00
# Visual Studio 15
VisualStudioVersion = 15.0.28307.136
MinimumVisualStudioVersion = 10.0.40219.1
Project("{FAE04EC0-301F-11D3-BF4B-00C04F79EFBC}") = "FalseCrypt.App", "src\FalseCrypt.App\FalseCrypt.App.csproj", "{5A4DD89E-2F5E-41FD-8063-4D90CB8837E3}"
EndProject
Project("{2150E333-8FDC-42A3-9474-1A3956D46DE8}") = "src", "src", "{44040701-31DA-4915-B879-C9CD3E19556C}"
EndProject
Project("{2150E333-8FDC-42A3-9474-1A3956D46DE8}") = "submodules", "submodules", "{F2171BA2-8814-4DF7-ABAB-BE937F41A1B0}"
EndProject
Project("{FAE04EC0-301F-11D3-BF4B-00C04F79EFBC}") = "ModernApplicationFramework", "submodules\ModernApplicationFramework\src\ModernApplicationFramework\ModernApplicationFramework.csproj", "{74F6C6A1-64BB-47D4-9E7F-6CD5C4CA166C}"
EndProject
Project("{FAE04EC0-301F-11D3-BF4B-00C04F79EFBC}") = "ModernApplicationFramework.Utilities", "submodules\ModernApplicationFramework\src\ModernApplicationFramework.Utilities\ModernApplicationFramework.Utilities.csproj", "{2B388979-5B07-4F0A-A302-0C575AAA21C0}"
EndProject
Project("{FAE04EC0-301F-11D3-BF4B-00C04F79EFBC}") = "ModernApplicationFramework.Imaging", "submodules\ModernApplicationFramework\src\ModernApplicationFramework.Imaging\ModernApplicationFramework.Imaging.csproj", "{D8B696A7-BA7D-4762-8C34-13B7F212074F}"
EndProject
Project("{FAE04EC0-301F-11D3-BF4B-00C04F79EFBC}") = "ModernApplicationFramework.ImageCatalog", "submodules\ModernApplicationFramework\src\ModernApplicationFramework.ImageCatalog\ModernApplicationFramework.ImageCatalog.csproj", "{A011F6F0-84AD-41EE-A920-A599B695855F}"
EndProject
Project("{FAE04EC0-301F-11D3-BF4B-00C04F79EFBC}") = "ModernApplicationFramework.Threading", "submodules\ModernApplicationFramework\src\ModernApplicationFramework.Threading\ModernApplicationFramework.Threading.csproj", "{F6B73506-4197-49A6-9F57-6E83827D415C}"
EndProject
Project("{FAE04EC0-301F-11D3-BF4B-00C04F79EFBC}") = "ModernApplicationFramework.Input", "submodules\ModernApplicationFramework\src\ModernApplicationFramework.Input\ModernApplicationFramework.Input.csproj", "{57ACF623-794E-41E8-8033-1544D209A4E1}"
EndProject
Project("{FAE04EC0-301F-11D3-BF4B-00C04F79EFBC}") = "ModernApplicationFramework.Extended", "submodules\ModernApplicationFramework\src\ModernApplicationFramework.Extended\ModernApplicationFramework.Extended.csproj", "{51911695-6CDB-4833-9782-06C8821D1C4E}"
EndProject
Project("{FAE04EC0-301F-11D3-BF4B-00C04F79EFBC}") = "ModernApplicationFramework.Extended.CommandBar", "submodules\ModernApplicationFramework\src\ModernApplicationFramework.Extended.CommandBar\ModernApplicationFramework.Extended.CommandBar.csproj", "{E3F05145-F9A9-42A4-B67D-ADE61980B20A}"
EndProject
Project("{FAE04EC0-301F-11D3-BF4B-00C04F79EFBC}") = "ModernApplicationFramework.Docking", "submodules\ModernApplicationFramework\src\ModernApplicationFramework.Docking\ModernApplicationFramework.Docking.csproj", "{79388073-9D36-49FE-BBEE-3126A1FA9DDE}"
EndProject
Project("{FAE04EC0-301F-11D3-BF4B-00C04F79EFBC}") = "ModernApplicationFramework.Settings", "submodules\ModernApplicationFramework\src\ModernApplicationFramework.Settings\ModernApplicationFramework.Settings.csproj", "{240CC7DB-F3A0-48E7-A8EB-5785A90128BE}"
EndProject
Project("{9A19103F-16F7-4668-BE54-9A1E7A4F7556}") = "FalseCrypt.Crypto", "src\FalseCrypt.Crypto\FalseCrypt.Crypto.csproj", "{3CF54A39-0D60-410E-AA37-073E00FB2C70}"
EndProject
Project("{2150E333-8FDC-42A3-9474-1A3956D46DE8}") = "tests", "tests", "{8DF8686B-6ABC-48E1-8A59-6E7E3CD83DF0}"
EndProject
Project("{FAE04EC0-301F-11D3-BF4B-00C04F79EFBC}") = "CryptoTest", "tests\CryptoTest\CryptoTest.csproj", "{5DD63BB0-2412-4E84-B0F1-FC93C52E86D1}"
EndProject
Global
	GlobalSection(SolutionConfigurationPlatforms) = preSolution
		Debug|Any CPU = Debug|Any CPU
		Release|Any CPU = Release|Any CPU
	EndGlobalSection
	GlobalSection(ProjectConfigurationPlatforms) = postSolution
		{5A4DD89E-2F5E-41FD-8063-4D90CB8837E3}.Debug|Any CPU.ActiveCfg = Debug|Any CPU
		{5A4DD89E-2F5E-41FD-8063-4D90CB8837E3}.Debug|Any CPU.Build.0 = Debug|Any CPU
		{5A4DD89E-2F5E-41FD-8063-4D90CB8837E3}.Release|Any CPU.ActiveCfg = Release|Any CPU
		{5A4DD89E-2F5E-41FD-8063-4D90CB8837E3}.Release|Any CPU.Build.0 = Release|Any CPU
		{74F6C6A1-64BB-47D4-9E7F-6CD5C4CA166C}.Debug|Any CPU.ActiveCfg = Debug|Any CPU
		{74F6C6A1-64BB-47D4-9E7F-6CD5C4CA166C}.Debug|Any CPU.Build.0 = Debug|Any CPU
		{74F6C6A1-64BB-47D4-9E7F-6CD5C4CA166C}.Release|Any CPU.ActiveCfg = Release|Any CPU
		{74F6C6A1-64BB-47D4-9E7F-6CD5C4CA166C}.Release|Any CPU.Build.0 = Release|Any CPU
		{2B388979-5B07-4F0A-A302-0C575AAA21C0}.Debug|Any CPU.ActiveCfg = Debug|Any CPU
		{2B388979-5B07-4F0A-A302-0C575AAA21C0}.Debug|Any CPU.Build.0 = Debug|Any CPU
		{2B388979-5B07-4F0A-A302-0C575AAA21C0}.Release|Any CPU.ActiveCfg = Release|Any CPU
		{2B388979-5B07-4F0A-A302-0C575AAA21C0}.Release|Any CPU.Build.0 = Release|Any CPU
		{D8B696A7-BA7D-4762-8C34-13B7F212074F}.Debug|Any CPU.ActiveCfg = Debug|Any CPU
		{D8B696A7-BA7D-4762-8C34-13B7F212074F}.Debug|Any CPU.Build.0 = Debug|Any CPU
		{D8B696A7-BA7D-4762-8C34-13B7F212074F}.Release|Any CPU.ActiveCfg = Release|Any CPU
		{D8B696A7-BA7D-4762-8C34-13B7F212074F}.Release|Any CPU.Build.0 = Release|Any CPU
		{A011F6F0-84AD-41EE-A920-A599B695855F}.Debug|Any CPU.ActiveCfg = Debug|Any CPU
		{A011F6F0-84AD-41EE-A920-A599B695855F}.Debug|Any CPU.Build.0 = Debug|Any CPU
		{A011F6F0-84AD-41EE-A920-A599B695855F}.Release|Any CPU.ActiveCfg = Release|Any CPU
		{A011F6F0-84AD-41EE-A920-A599B695855F}.Release|Any CPU.Build.0 = Release|Any CPU
		{F6B73506-4197-49A6-9F57-6E83827D415C}.Debug|Any CPU.ActiveCfg = Debug|Any CPU
		{F6B73506-4197-49A6-9F57-6E83827D415C}.Debug|Any CPU.Build.0 = Debug|Any CPU
		{F6B73506-4197-49A6-9F57-6E83827D415C}.Release|Any CPU.ActiveCfg = Release|Any CPU
		{F6B73506-4197-49A6-9F57-6E83827D415C}.Release|Any CPU.Build.0 = Release|Any CPU
		{57ACF623-794E-41E8-8033-1544D209A4E1}.Debug|Any CPU.ActiveCfg = Debug|Any CPU
		{57ACF623-794E-41E8-8033-1544D209A4E1}.Debug|Any CPU.Build.0 = Debug|Any CPU
		{57ACF623-794E-41E8-8033-1544D209A4E1}.Release|Any CPU.ActiveCfg = Release|Any CPU
		{57ACF623-794E-41E8-8033-1544D209A4E1}.Release|Any CPU.Build.0 = Release|Any CPU
		{51911695-6CDB-4833-9782-06C8821D1C4E}.Debug|Any CPU.ActiveCfg = Debug|Any CPU
		{51911695-6CDB-4833-9782-06C8821D1C4E}.Debug|Any CPU.Build.0 = Debug|Any CPU
		{51911695-6CDB-4833-9782-06C8821D1C4E}.Release|Any CPU.ActiveCfg = Release|Any CPU
		{51911695-6CDB-4833-9782-06C8821D1C4E}.Release|Any CPU.Build.0 = Release|Any CPU
		{E3F05145-F9A9-42A4-B67D-ADE61980B20A}.Debug|Any CPU.ActiveCfg = Debug|Any CPU
		{E3F05145-F9A9-42A4-B67D-ADE61980B20A}.Debug|Any CPU.Build.0 = Debug|Any CPU
		{E3F05145-F9A9-42A4-B67D-ADE61980B20A}.Release|Any CPU.ActiveCfg = Release|Any CPU
		{E3F05145-F9A9-42A4-B67D-ADE61980B20A}.Release|Any CPU.Build.0 = Release|Any CPU
		{79388073-9D36-49FE-BBEE-3126A1FA9DDE}.Debug|Any CPU.ActiveCfg = Debug|Any CPU
		{79388073-9D36-49FE-BBEE-3126A1FA9DDE}.Debug|Any CPU.Build.0 = Debug|Any CPU
		{79388073-9D36-49FE-BBEE-3126A1FA9DDE}.Release|Any CPU.ActiveCfg = Release|Any CPU
		{79388073-9D36-49FE-BBEE-3126A1FA9DDE}.Release|Any CPU.Build.0 = Release|Any CPU
		{240CC7DB-F3A0-48E7-A8EB-5785A90128BE}.Debug|Any CPU.ActiveCfg = Debug|Any CPU
		{240CC7DB-F3A0-48E7-A8EB-5785A90128BE}.Debug|Any CPU.Build.0 = Debug|Any CPU
		{240CC7DB-F3A0-48E7-A8EB-5785A90128BE}.Release|Any CPU.ActiveCfg = Release|Any CPU
		{240CC7DB-F3A0-48E7-A8EB-5785A90128BE}.Release|Any CPU.Build.0 = Release|Any CPU
		{3CF54A39-0D60-410E-AA37-073E00FB2C70}.Debug|Any CPU.ActiveCfg = Debug|Any CPU
		{3CF54A39-0D60-410E-AA37-073E00FB2C70}.Debug|Any CPU.Build.0 = Debug|Any CPU
		{3CF54A39-0D60-410E-AA37-073E00FB2C70}.Release|Any CPU.ActiveCfg = Release|Any CPU
		{3CF54A39-0D60-410E-AA37-073E00FB2C70}.Release|Any CPU.Build.0 = Release|Any CPU
		{5DD63BB0-2412-4E84-B0F1-FC93C52E86D1}.Debug|Any CPU.ActiveCfg = Debug|Any CPU
		{5DD63BB0-2412-4E84-B0F1-FC93C52E86D1}.Debug|Any CPU.Build.0 = Debug|Any CPU
		{5DD63BB0-2412-4E84-B0F1-FC93C52E86D1}.Release|Any CPU.ActiveCfg = Release|Any CPU
		{5DD63BB0-2412-4E84-B0F1-FC93C52E86D1}.Release|Any CPU.Build.0 = Release|Any CPU
	EndGlobalSection
	GlobalSection(SolutionProperties) = preSolution
		HideSolutionNode = FALSE
	EndGlobalSection
	GlobalSection(NestedProjects) = preSolution
		{5A4DD89E-2F5E-41FD-8063-4D90CB8837E3} = {44040701-31DA-4915-B879-C9CD3E19556C}
		{74F6C6A1-64BB-47D4-9E7F-6CD5C4CA166C} = {F2171BA2-8814-4DF7-ABAB-BE937F41A1B0}
		{2B388979-5B07-4F0A-A302-0C575AAA21C0} = {F2171BA2-8814-4DF7-ABAB-BE937F41A1B0}
		{D8B696A7-BA7D-4762-8C34-13B7F212074F} = {F2171BA2-8814-4DF7-ABAB-BE937F41A1B0}
		{A011F6F0-84AD-41EE-A920-A599B695855F} = {F2171BA2-8814-4DF7-ABAB-BE937F41A1B0}
		{F6B73506-4197-49A6-9F57-6E83827D415C} = {F2171BA2-8814-4DF7-ABAB-BE937F41A1B0}
		{57ACF623-794E-41E8-8033-1544D209A4E1} = {F2171BA2-8814-4DF7-ABAB-BE937F41A1B0}
		{51911695-6CDB-4833-9782-06C8821D1C4E} = {F2171BA2-8814-4DF7-ABAB-BE937F41A1B0}
		{E3F05145-F9A9-42A4-B67D-ADE61980B20A} = {F2171BA2-8814-4DF7-ABAB-BE937F41A1B0}
		{79388073-9D36-49FE-BBEE-3126A1FA9DDE} = {F2171BA2-8814-4DF7-ABAB-BE937F41A1B0}
		{240CC7DB-F3A0-48E7-A8EB-5785A90128BE} = {F2171BA2-8814-4DF7-ABAB-BE937F41A1B0}
		{3CF54A39-0D60-410E-AA37-073E00FB2C70} = {44040701-31DA-4915-B879-C9CD3E19556C}
		{5DD63BB0-2412-4E84-B0F1-FC93C52E86D1} = {8DF8686B-6ABC-48E1-8A59-6E7E3CD83DF0}
	EndGlobalSection
	GlobalSection(ExtensibilityGlobals) = postSolution
		SolutionGuid = {E769C141-3C12-4BD0-91B2-058F30E0F0F4}
	EndGlobalSection
EndGlobal
