
Microsoft Visual Studio Solution File, Format Version 12.00
# Visual Studio Version 17
VisualStudioVersion = 17.9.34622.214
MinimumVisualStudioVersion = 10.0.40219.1
Project("{9A19103F-16F7-4668-BE54-9A1E7A4F7556}") = "FalseCrypt.App", "src\FalseCrypt.App\FalseCrypt.App.csproj", "{5A4DD89E-2F5E-41FD-8063-4D90CB8837E3}"
EndProject
Project("{2150E333-8FDC-42A3-9474-1A3956D46DE8}") = "src", "src", "{44040701-31DA-4915-B879-C9CD3E19556C}"
EndProject
Project("{9A19103F-16F7-4668-BE54-9A1E7A4F7556}") = "FalseCrypt.Crypto", "src\FalseCrypt.Crypto\FalseCrypt.Crypto.csproj", "{3CF54A39-0D60-410E-AA37-073E00FB2C70}"
EndProject
Project("{2150E333-8FDC-42A3-9474-1A3956D46DE8}") = "tests", "tests", "{8DF8686B-6ABC-48E1-8A59-6E7E3CD83DF0}"
EndProject
Project("{9A19103F-16F7-4668-BE54-9A1E7A4F7556}") = "CryptoTest", "tests\CryptoTest\CryptoTest.csproj", "{5DD63BB0-2412-4E84-B0F1-FC93C52E86D1}"
EndProject
Project("{9A19103F-16F7-4668-BE54-9A1E7A4F7556}") = "FalseCrypt.CLI", "src\FalseCrypt.CLI\FalseCrypt.CLI.csproj", "{F187F4A3-CAA8-4643-A2E2-FB7DE2B8A3A0}"
EndProject
Global
	GlobalSection(SolutionConfigurationPlatforms) = preSolution
		Debug|Any CPU = Debug|Any CPU
		Release|Any CPU = Release|Any CPU
	EndGlobalSection
	GlobalSection(ProjectConfigurationPlatforms) = postSolution
		{5A4DD89E-2F5E-41FD-8063-4D90CB8837E3}.Debug|Any CPU.ActiveCfg = Debug|Any CPU
		{5A4DD89E-2F5E-41FD-8063-4D90CB8837E3}.Release|Any CPU.ActiveCfg = Release|Any CPU
		{3CF54A39-0D60-410E-AA37-073E00FB2C70}.Debug|Any CPU.ActiveCfg = Debug|Any CPU
		{3CF54A39-0D60-410E-AA37-073E00FB2C70}.Debug|Any CPU.Build.0 = Debug|Any CPU
		{3CF54A39-0D60-410E-AA37-073E00FB2C70}.Release|Any CPU.ActiveCfg = Release|Any CPU
		{3CF54A39-0D60-410E-AA37-073E00FB2C70}.Release|Any CPU.Build.0 = Release|Any CPU
		{5DD63BB0-2412-4E84-B0F1-FC93C52E86D1}.Debug|Any CPU.ActiveCfg = Debug|Any CPU
		{5DD63BB0-2412-4E84-B0F1-FC93C52E86D1}.Debug|Any CPU.Build.0 = Debug|Any CPU
		{5DD63BB0-2412-4E84-B0F1-FC93C52E86D1}.Release|Any CPU.ActiveCfg = Release|Any CPU
		{5DD63BB0-2412-4E84-B0F1-FC93C52E86D1}.Release|Any CPU.Build.0 = Release|Any CPU
		{F187F4A3-CAA8-4643-A2E2-FB7DE2B8A3A0}.Debug|Any CPU.ActiveCfg = Debug|Any CPU
		{F187F4A3-CAA8-4643-A2E2-FB7DE2B8A3A0}.Debug|Any CPU.Build.0 = Debug|Any CPU
		{F187F4A3-CAA8-4643-A2E2-FB7DE2B8A3A0}.Release|Any CPU.ActiveCfg = Release|Any CPU
		{F187F4A3-CAA8-4643-A2E2-FB7DE2B8A3A0}.Release|Any CPU.Build.0 = Release|Any CPU
	EndGlobalSection
	GlobalSection(SolutionProperties) = preSolution
		HideSolutionNode = FALSE
	EndGlobalSection
	GlobalSection(NestedProjects) = preSolution
		{5A4DD89E-2F5E-41FD-8063-4D90CB8837E3} = {44040701-31DA-4915-B879-C9CD3E19556C}
		{3CF54A39-0D60-410E-AA37-073E00FB2C70} = {44040701-31DA-4915-B879-C9CD3E19556C}
		{5DD63BB0-2412-4E84-B0F1-FC93C52E86D1} = {8DF8686B-6ABC-48E1-8A59-6E7E3CD83DF0}
		{F187F4A3-CAA8-4643-A2E2-FB7DE2B8A3A0} = {44040701-31DA-4915-B879-C9CD3E19556C}
	EndGlobalSection
	GlobalSection(ExtensibilityGlobals) = postSolution
		SolutionGuid = {E769C141-3C12-4BD0-91B2-058F30E0F0F4}
	EndGlobalSection
EndGlobal
